{
  "name": "todo-client",
  "version": "1.0.0",
  "lockfileVersion": 3,
  "requires": true,
  "packages": {
    "": {
      "name": "todo-client",
      "version": "1.0.0",
      "license": "ISC",
      "dependencies": {
        "pinia": "^2.1.7",
        "vue": "^3.4.31"
      },
      "devDependencies": {
        "@vitejs/plugin-vue": "^5.0.5",
        "vite": "^5.3.2"
      }
    },
    "node_modules/@babel/parser": {
      "version": "7.24.7",
      "resolved": "https://embracepetinsurance.pkgs.visualstudio.com/4240c13b-ec89-4336-962e-6582d7843741/_packaging/epiNpm/npm/registry/@babel/parser/-/parser-7.24.7.tgz",
      "integrity": "sha1-mlIm+S8MXI6tVQt1D1YI52bIzoU=",
      "bin": {
        "parser": "bin/babel-parser.js"
      },
      "engines": {
        "node": ">=6.0.0"
      }
    },
    "node_modules/@esbuild/aix-ppc64": {
      "version": "0.21.5",
      "resolved": "https://embracepetinsurance.pkgs.visualstudio.com/4240c13b-ec89-4336-962e-6582d7843741/_packaging/epiNpm/npm/registry/@esbuild/aix-ppc64/-/aix-ppc64-0.21.5.tgz",
      "integrity": "sha1-xxhKMmUz/N8bjuBzPiHHE7l1V18=",
      "cpu": [
        "ppc64"
      ],
      "dev": true,
      "optional": true,
      "os": [
        "aix"
      ],
      "engines": {
        "node": ">=12"
      }
    },
    "node_modules/@esbuild/android-arm": {
      "version": "0.21.5",
      "resolved": "https://embracepetinsurance.pkgs.visualstudio.com/4240c13b-ec89-4336-962e-6582d7843741/_packaging/epiNpm/npm/registry/@esbuild/android-arm/-/android-arm-0.21.5.tgz",
      "integrity": "sha1-mwQ4T7dxkm36bXrQQyTssqubLig=",
      "cpu": [
        "arm"
      ],
      "dev": true,
      "optional": true,
      "os": [
        "android"
      ],
      "engines": {
        "node": ">=12"
      }
    },
    "node_modules/@esbuild/android-arm64": {
      "version": "0.21.5",
      "resolved": "https://embracepetinsurance.pkgs.visualstudio.com/4240c13b-ec89-4336-962e-6582d7843741/_packaging/epiNpm/npm/registry/@esbuild/android-arm64/-/android-arm64-0.21.5.tgz",
      "integrity": "sha1-Cdm0NXeA2p6jp9+4M6Hx/0ObQFI=",
      "cpu": [
        "arm64"
      ],
      "dev": true,
      "optional": true,
      "os": [
        "android"
      ],
      "engines": {
        "node": ">=12"
      }
    },
    "node_modules/@esbuild/android-x64": {
      "version": "0.21.5",
      "resolved": "https://embracepetinsurance.pkgs.visualstudio.com/4240c13b-ec89-4336-962e-6582d7843741/_packaging/epiNpm/npm/registry/@esbuild/android-x64/-/android-x64-0.21.5.tgz",
      "integrity": "sha1-KZGOwtt1TO3LbBsE3ozWVHr2Rh4=",
      "cpu": [
        "x64"
      ],
      "dev": true,
      "optional": true,
      "os": [
        "android"
      ],
      "engines": {
        "node": ">=12"
      }
    },
    "node_modules/@esbuild/darwin-arm64": {
      "version": "0.21.5",
      "resolved": "https://embracepetinsurance.pkgs.visualstudio.com/4240c13b-ec89-4336-962e-6582d7843741/_packaging/epiNpm/npm/registry/@esbuild/darwin-arm64/-/darwin-arm64-0.21.5.tgz",
      "integrity": "sha1-5JW1OWYOUWkPOSivUKdvsKbM/yo=",
      "cpu": [
        "arm64"
      ],
      "dev": true,
      "optional": true,
      "os": [
        "darwin"
      ],
      "engines": {
        "node": ">=12"
      }
    },
    "node_modules/@esbuild/darwin-x64": {
      "version": "0.21.5",
      "resolved": "https://embracepetinsurance.pkgs.visualstudio.com/4240c13b-ec89-4336-962e-6582d7843741/_packaging/epiNpm/npm/registry/@esbuild/darwin-x64/-/darwin-x64-0.21.5.tgz",
      "integrity": "sha1-wTg4+lc3KDmr3dyR1xVCzuouHiI=",
      "cpu": [
        "x64"
      ],
      "dev": true,
      "optional": true,
      "os": [
        "darwin"
      ],
      "engines": {
        "node": ">=12"
      }
    },
    "node_modules/@esbuild/freebsd-arm64": {
      "version": "0.21.5",
      "resolved": "https://embracepetinsurance.pkgs.visualstudio.com/4240c13b-ec89-4336-962e-6582d7843741/_packaging/epiNpm/npm/registry/@esbuild/freebsd-arm64/-/freebsd-arm64-0.21.5.tgz",
      "integrity": "sha1-ZGuYmqIL+J/Qcd1dv61po1QuVQ4=",
      "cpu": [
        "arm64"
      ],
      "dev": true,
      "optional": true,
      "os": [
        "freebsd"
      ],
      "engines": {
        "node": ">=12"
      }
    },
    "node_modules/@esbuild/freebsd-x64": {
      "version": "0.21.5",
      "resolved": "https://embracepetinsurance.pkgs.visualstudio.com/4240c13b-ec89-4336-962e-6582d7843741/_packaging/epiNpm/npm/registry/@esbuild/freebsd-x64/-/freebsd-x64-0.21.5.tgz",
      "integrity": "sha1-qmFc/ICvlU00WJBuOMoiwYz1wmE=",
      "cpu": [
        "x64"
      ],
      "dev": true,
      "optional": true,
      "os": [
        "freebsd"
      ],
      "engines": {
        "node": ">=12"
      }
    },
    "node_modules/@esbuild/linux-arm": {
      "version": "0.21.5",
      "resolved": "https://embracepetinsurance.pkgs.visualstudio.com/4240c13b-ec89-4336-962e-6582d7843741/_packaging/epiNpm/npm/registry/@esbuild/linux-arm/-/linux-arm-0.21.5.tgz",
      "integrity": "sha1-/G/RGorKVsH284lPK+oEefj2Jrk=",
      "cpu": [
        "arm"
      ],
      "dev": true,
      "optional": true,
      "os": [
        "linux"
      ],
      "engines": {
        "node": ">=12"
      }
    },
    "node_modules/@esbuild/linux-arm64": {
      "version": "0.21.5",
      "resolved": "https://embracepetinsurance.pkgs.visualstudio.com/4240c13b-ec89-4336-962e-6582d7843741/_packaging/epiNpm/npm/registry/@esbuild/linux-arm64/-/linux-arm64-0.21.5.tgz",
      "integrity": "sha1-cKxvoU9ct+H3+Ie8/7aArQmSK1s=",
      "cpu": [
        "arm64"
      ],
      "dev": true,
      "optional": true,
      "os": [
        "linux"
      ],
      "engines": {
        "node": ">=12"
      }
    },
    "node_modules/@esbuild/linux-ia32": {
      "version": "0.21.5",
      "resolved": "https://embracepetinsurance.pkgs.visualstudio.com/4240c13b-ec89-4336-962e-6582d7843741/_packaging/epiNpm/npm/registry/@esbuild/linux-ia32/-/linux-ia32-0.21.5.tgz",
      "integrity": "sha1-MnH1Oz+T49CT1RjRZJ1taNNG7eI=",
      "cpu": [
        "ia32"
      ],
      "dev": true,
      "optional": true,
      "os": [
        "linux"
      ],
      "engines": {
        "node": ">=12"
      }
    },
    "node_modules/@esbuild/linux-loong64": {
      "version": "0.21.5",
      "resolved": "https://embracepetinsurance.pkgs.visualstudio.com/4240c13b-ec89-4336-962e-6582d7843741/_packaging/epiNpm/npm/registry/@esbuild/linux-loong64/-/linux-loong64-0.21.5.tgz",
      "integrity": "sha1-7WLgQjjFcCauqDHFoTC3PA+fJt8=",
      "cpu": [
        "loong64"
      ],
      "dev": true,
      "optional": true,
      "os": [
        "linux"
      ],
      "engines": {
        "node": ">=12"
      }
    },
    "node_modules/@esbuild/linux-mips64el": {
      "version": "0.21.5",
      "resolved": "https://embracepetinsurance.pkgs.visualstudio.com/4240c13b-ec89-4336-962e-6582d7843741/_packaging/epiNpm/npm/registry/@esbuild/linux-mips64el/-/linux-mips64el-0.21.5.tgz",
      "integrity": "sha1-55uOtIvzsQb63sGsgkD7l7TmTL4=",
      "cpu": [
        "mips64el"
      ],
      "dev": true,
      "optional": true,
      "os": [
        "linux"
      ],
      "engines": {
        "node": ">=12"
      }
    },
    "node_modules/@esbuild/linux-ppc64": {
      "version": "0.21.5",
      "resolved": "https://embracepetinsurance.pkgs.visualstudio.com/4240c13b-ec89-4336-962e-6582d7843741/_packaging/epiNpm/npm/registry/@esbuild/linux-ppc64/-/linux-ppc64-0.21.5.tgz",
      "integrity": "sha1-XyIDhgoUO5kZ04PvdXNSH7FUw+Q=",
      "cpu": [
        "ppc64"
      ],
      "dev": true,
      "optional": true,
      "os": [
        "linux"
      ],
      "engines": {
        "node": ">=12"
      }
    },
    "node_modules/@esbuild/linux-riscv64": {
      "version": "0.21.5",
      "resolved": "https://embracepetinsurance.pkgs.visualstudio.com/4240c13b-ec89-4336-962e-6582d7843741/_packaging/epiNpm/npm/registry/@esbuild/linux-riscv64/-/linux-riscv64-0.21.5.tgz",
      "integrity": "sha1-B7yv2ZMi1a9i9hjLnmqbf0u4Jdw=",
      "cpu": [
        "riscv64"
      ],
      "dev": true,
      "optional": true,
      "os": [
        "linux"
      ],
      "engines": {
        "node": ">=12"
      }
    },
    "node_modules/@esbuild/linux-s390x": {
      "version": "0.21.5",
      "resolved": "https://embracepetinsurance.pkgs.visualstudio.com/4240c13b-ec89-4336-962e-6582d7843741/_packaging/epiNpm/npm/registry/@esbuild/linux-s390x/-/linux-s390x-0.21.5.tgz",
      "integrity": "sha1-t8z2hnUdaj5EuGJ6uryL4+9i2N4=",
      "cpu": [
        "s390x"
      ],
      "dev": true,
      "optional": true,
      "os": [
        "linux"
      ],
      "engines": {
        "node": ">=12"
      }
    },
    "node_modules/@esbuild/linux-x64": {
      "version": "0.21.5",
      "resolved": "https://embracepetinsurance.pkgs.visualstudio.com/4240c13b-ec89-4336-962e-6582d7843741/_packaging/epiNpm/npm/registry/@esbuild/linux-x64/-/linux-x64-0.21.5.tgz",
      "integrity": "sha1-bY8Mdo4HDmQwmvgAS7lOaKsrs7A=",
      "cpu": [
        "x64"
      ],
      "dev": true,
      "optional": true,
      "os": [
        "linux"
      ],
      "engines": {
        "node": ">=12"
      }
    },
    "node_modules/@esbuild/netbsd-x64": {
      "version": "0.21.5",
      "resolved": "https://embracepetinsurance.pkgs.visualstudio.com/4240c13b-ec89-4336-962e-6582d7843741/_packaging/epiNpm/npm/registry/@esbuild/netbsd-x64/-/netbsd-x64-0.21.5.tgz",
      "integrity": "sha1-u+Qw9g03jsuI3sshnGAmZzh6YEc=",
      "cpu": [
        "x64"
      ],
      "dev": true,
      "optional": true,
      "os": [
        "netbsd"
      ],
      "engines": {
        "node": ">=12"
      }
    },
    "node_modules/@esbuild/openbsd-x64": {
      "version": "0.21.5",
      "resolved": "https://embracepetinsurance.pkgs.visualstudio.com/4240c13b-ec89-4336-962e-6582d7843741/_packaging/epiNpm/npm/registry/@esbuild/openbsd-x64/-/openbsd-x64-0.21.5.tgz",
      "integrity": "sha1-mdHPKTcnlWDSEEgh9czOIgyyr3A=",
      "cpu": [
        "x64"
      ],
      "dev": true,
      "optional": true,
      "os": [
        "openbsd"
      ],
      "engines": {
        "node": ">=12"
      }
    },
    "node_modules/@esbuild/sunos-x64": {
      "version": "0.21.5",
      "resolved": "https://embracepetinsurance.pkgs.visualstudio.com/4240c13b-ec89-4336-962e-6582d7843741/_packaging/epiNpm/npm/registry/@esbuild/sunos-x64/-/sunos-x64-0.21.5.tgz",
      "integrity": "sha1-CHQVEsENUpVmurqDe0/gUsjzSHs=",
      "cpu": [
        "x64"
      ],
      "dev": true,
      "optional": true,
      "os": [
        "sunos"
      ],
      "engines": {
        "node": ">=12"
      }
    },
    "node_modules/@esbuild/win32-arm64": {
      "version": "0.21.5",
      "resolved": "https://embracepetinsurance.pkgs.visualstudio.com/4240c13b-ec89-4336-962e-6582d7843741/_packaging/epiNpm/npm/registry/@esbuild/win32-arm64/-/win32-arm64-0.21.5.tgz",
      "integrity": "sha1-Z1tzhTmEESQHNQFhRKsumaYPx10=",
      "cpu": [
        "arm64"
      ],
      "dev": true,
      "optional": true,
      "os": [
        "win32"
      ],
      "engines": {
        "node": ">=12"
      }
    },
    "node_modules/@esbuild/win32-ia32": {
      "version": "0.21.5",
      "resolved": "https://embracepetinsurance.pkgs.visualstudio.com/4240c13b-ec89-4336-962e-6582d7843741/_packaging/epiNpm/npm/registry/@esbuild/win32-ia32/-/win32-ia32-0.21.5.tgz",
      "integrity": "sha1-G/w86YqmypoJaeTSr3IUTFnBGTs=",
      "cpu": [
        "ia32"
      ],
      "dev": true,
      "optional": true,
      "os": [
        "win32"
      ],
      "engines": {
        "node": ">=12"
      }
    },
    "node_modules/@esbuild/win32-x64": {
      "version": "0.21.5",
      "resolved": "https://embracepetinsurance.pkgs.visualstudio.com/4240c13b-ec89-4336-962e-6582d7843741/_packaging/epiNpm/npm/registry/@esbuild/win32-x64/-/win32-x64-0.21.5.tgz",
      "integrity": "sha1-rK01HVgtFXuxRVNdsqb/U91RS1w=",
      "cpu": [
        "x64"
      ],
      "dev": true,
      "optional": true,
      "os": [
        "win32"
      ],
      "engines": {
        "node": ">=12"
      }
    },
    "node_modules/@jridgewell/sourcemap-codec": {
      "version": "1.4.15",
      "resolved": "https://embracepetinsurance.pkgs.visualstudio.com/4240c13b-ec89-4336-962e-6582d7843741/_packaging/epiNpm/npm/registry/@jridgewell/sourcemap-codec/-/sourcemap-codec-1.4.15.tgz",
      "integrity": "sha1-18bmdVx4VnqVHgSrUu8P0m3lnzI="
    },
    "node_modules/@rollup/rollup-android-arm-eabi": {
      "version": "4.18.0",
      "resolved": "https://embracepetinsurance.pkgs.visualstudio.com/4240c13b-ec89-4336-962e-6582d7843741/_packaging/epiNpm/npm/registry/@rollup/rollup-android-arm-eabi/-/rollup-android-arm-eabi-4.18.0.tgz",
      "integrity": "sha1-u9DmFrIHjNLWivyYJNH62y8v/Sc=",
      "cpu": [
        "arm"
      ],
      "dev": true,
      "optional": true,
      "os": [
        "android"
      ]
    },
    "node_modules/@rollup/rollup-android-arm64": {
      "version": "4.18.0",
      "resolved": "https://embracepetinsurance.pkgs.visualstudio.com/4240c13b-ec89-4336-962e-6582d7843741/_packaging/epiNpm/npm/registry/@rollup/rollup-android-arm64/-/rollup-android-arm64-4.18.0.tgz",
      "integrity": "sha1-lyVe9jhMX3P0gAwN6R9fZRjiEgM=",
      "cpu": [
        "arm64"
      ],
      "dev": true,
      "optional": true,
      "os": [
        "android"
      ]
    },
    "node_modules/@rollup/rollup-darwin-arm64": {
      "version": "4.18.0",
      "resolved": "https://embracepetinsurance.pkgs.visualstudio.com/4240c13b-ec89-4336-962e-6582d7843741/_packaging/epiNpm/npm/registry/@rollup/rollup-darwin-arm64/-/rollup-darwin-arm64-4.18.0.tgz",
      "integrity": "sha1-tt104RdRDf6UVBZGBnsFRbQv8JY=",
      "cpu": [
        "arm64"
      ],
      "dev": true,
      "optional": true,
      "os": [
        "darwin"
      ]
    },
    "node_modules/@rollup/rollup-darwin-x64": {
      "version": "4.18.0",
      "resolved": "https://embracepetinsurance.pkgs.visualstudio.com/4240c13b-ec89-4336-962e-6582d7843741/_packaging/epiNpm/npm/registry/@rollup/rollup-darwin-x64/-/rollup-darwin-x64-4.18.0.tgz",
      "integrity": "sha1-4H123hzsmHZz5/PUjMuOEG1CwFw=",
      "cpu": [
        "x64"
      ],
      "dev": true,
      "optional": true,
      "os": [
        "darwin"
      ]
    },
    "node_modules/@rollup/rollup-linux-arm-gnueabihf": {
      "version": "4.18.0",
      "resolved": "https://embracepetinsurance.pkgs.visualstudio.com/4240c13b-ec89-4336-962e-6582d7843741/_packaging/epiNpm/npm/registry/@rollup/rollup-linux-arm-gnueabihf/-/rollup-linux-arm-gnueabihf-4.18.0.tgz",
      "integrity": "sha1-nxptIYtWDJ11GFr0uLtC+fJHNrg=",
      "cpu": [
        "arm"
      ],
      "dev": true,
      "optional": true,
      "os": [
        "linux"
      ]
    },
    "node_modules/@rollup/rollup-linux-arm-musleabihf": {
      "version": "4.18.0",
      "resolved": "https://embracepetinsurance.pkgs.visualstudio.com/4240c13b-ec89-4336-962e-6582d7843741/_packaging/epiNpm/npm/registry/@rollup/rollup-linux-arm-musleabihf/-/rollup-linux-arm-musleabihf-4.18.0.tgz",
      "integrity": "sha1-U2GLkub/tkLHtiDm5ShEZREzBUk=",
      "cpu": [
        "arm"
      ],
      "dev": true,
      "optional": true,
      "os": [
        "linux"
      ]
    },
    "node_modules/@rollup/rollup-linux-arm64-gnu": {
      "version": "4.18.0",
      "resolved": "https://embracepetinsurance.pkgs.visualstudio.com/4240c13b-ec89-4336-962e-6582d7843741/_packaging/epiNpm/npm/registry/@rollup/rollup-linux-arm64-gnu/-/rollup-linux-arm64-gnu-4.18.0.tgz",
      "integrity": "sha1-mae6XnGdTwU3YaaY97Uikc77pXc=",
      "cpu": [
        "arm64"
      ],
      "dev": true,
      "optional": true,
      "os": [
        "linux"
      ]
    },
    "node_modules/@rollup/rollup-linux-arm64-musl": {
      "version": "4.18.0",
      "resolved": "https://embracepetinsurance.pkgs.visualstudio.com/4240c13b-ec89-4336-962e-6582d7843741/_packaging/epiNpm/npm/registry/@rollup/rollup-linux-arm64-musl/-/rollup-linux-arm64-musl-4.18.0.tgz",
      "integrity": "sha1-9T25mkXZvADOlNuKNe+nw8FEpYw=",
      "cpu": [
        "arm64"
      ],
      "dev": true,
      "optional": true,
      "os": [
        "linux"
      ]
    },
    "node_modules/@rollup/rollup-linux-powerpc64le-gnu": {
      "version": "4.18.0",
      "resolved": "https://embracepetinsurance.pkgs.visualstudio.com/4240c13b-ec89-4336-962e-6582d7843741/_packaging/epiNpm/npm/registry/@rollup/rollup-linux-powerpc64le-gnu/-/rollup-linux-powerpc64le-gnu-4.18.0.tgz",
      "integrity": "sha1-y7CDdAj+CBzjQ1zzcw4JD+uvyb8=",
      "cpu": [
        "ppc64"
      ],
      "dev": true,
      "optional": true,
      "os": [
        "linux"
      ]
    },
    "node_modules/@rollup/rollup-linux-riscv64-gnu": {
      "version": "4.18.0",
      "resolved": "https://embracepetinsurance.pkgs.visualstudio.com/4240c13b-ec89-4336-962e-6582d7843741/_packaging/epiNpm/npm/registry/@rollup/rollup-linux-riscv64-gnu/-/rollup-linux-riscv64-gnu-4.18.0.tgz",
      "integrity": "sha1-jtCcHRJiraTDjXkaKK4P6ii4DMk=",
      "cpu": [
        "riscv64"
      ],
      "dev": true,
      "optional": true,
      "os": [
        "linux"
      ]
    },
    "node_modules/@rollup/rollup-linux-s390x-gnu": {
      "version": "4.18.0",
      "resolved": "https://embracepetinsurance.pkgs.visualstudio.com/4240c13b-ec89-4336-962e-6582d7843741/_packaging/epiNpm/npm/registry/@rollup/rollup-linux-s390x-gnu/-/rollup-linux-s390x-gnu-4.18.0.tgz",
      "integrity": "sha1-k4E408jgyW8CIlKihEHc+xev1+w=",
      "cpu": [
        "s390x"
      ],
      "dev": true,
      "optional": true,
      "os": [
        "linux"
      ]
    },
    "node_modules/@rollup/rollup-linux-x64-gnu": {
      "version": "4.18.0",
      "resolved": "https://embracepetinsurance.pkgs.visualstudio.com/4240c13b-ec89-4336-962e-6582d7843741/_packaging/epiNpm/npm/registry/@rollup/rollup-linux-x64-gnu/-/rollup-linux-x64-gnu-4.18.0.tgz",
      "integrity": "sha1-GnSBE3pUdAvuHe1K5XUkUPFV2UI=",
      "cpu": [
        "x64"
      ],
      "dev": true,
      "optional": true,
      "os": [
        "linux"
      ]
    },
    "node_modules/@rollup/rollup-linux-x64-musl": {
      "version": "4.18.0",
      "resolved": "https://embracepetinsurance.pkgs.visualstudio.com/4240c13b-ec89-4336-962e-6582d7843741/_packaging/epiNpm/npm/registry/@rollup/rollup-linux-x64-musl/-/rollup-linux-x64-musl-4.18.0.tgz",
      "integrity": "sha1-8Rhq/GAaxPT8JfrEyhXsvuOhh00=",
      "cpu": [
        "x64"
      ],
      "dev": true,
      "optional": true,
      "os": [
        "linux"
      ]
    },
    "node_modules/@rollup/rollup-win32-arm64-msvc": {
      "version": "4.18.0",
      "resolved": "https://embracepetinsurance.pkgs.visualstudio.com/4240c13b-ec89-4336-962e-6582d7843741/_packaging/epiNpm/npm/registry/@rollup/rollup-win32-arm64-msvc/-/rollup-win32-arm64-msvc-4.18.0.tgz",
      "integrity": "sha1-7WYD6TY2qWIDxpFb5BFyRcG9La8=",
      "cpu": [
        "arm64"
      ],
      "dev": true,
      "optional": true,
      "os": [
        "win32"
      ]
    },
    "node_modules/@rollup/rollup-win32-ia32-msvc": {
      "version": "4.18.0",
      "resolved": "https://embracepetinsurance.pkgs.visualstudio.com/4240c13b-ec89-4336-962e-6582d7843741/_packaging/epiNpm/npm/registry/@rollup/rollup-win32-ia32-msvc/-/rollup-win32-ia32-msvc-4.18.0.tgz",
      "integrity": "sha1-FOC0BLHCXr5hV6Fe25xGlZunTFQ=",
      "cpu": [
        "ia32"
      ],
      "dev": true,
      "optional": true,
      "os": [
        "win32"
      ]
    },
    "node_modules/@rollup/rollup-win32-x64-msvc": {
      "version": "4.18.0",
      "resolved": "https://embracepetinsurance.pkgs.visualstudio.com/4240c13b-ec89-4336-962e-6582d7843741/_packaging/epiNpm/npm/registry/@rollup/rollup-win32-x64-msvc/-/rollup-win32-x64-msvc-4.18.0.tgz",
      "integrity": "sha1-XWlNNFzja27PZXNJ4D64cpfmjaQ=",
      "cpu": [
        "x64"
      ],
      "dev": true,
      "optional": true,
      "os": [
        "win32"
      ]
    },
    "node_modules/@types/estree": {
      "version": "1.0.5",
      "resolved": "https://embracepetinsurance.pkgs.visualstudio.com/4240c13b-ec89-4336-962e-6582d7843741/_packaging/epiNpm/npm/registry/@types/estree/-/estree-1.0.5.tgz",
      "integrity": "sha1-ps4+VW4A/ZiV3Yct0XKtDUvWh/Q=",
      "dev": true
    },
    "node_modules/@vitejs/plugin-vue": {
      "version": "5.0.5",
      "resolved": "https://embracepetinsurance.pkgs.visualstudio.com/4240c13b-ec89-4336-962e-6582d7843741/_packaging/epiNpm/npm/registry/@vitejs/plugin-vue/-/plugin-vue-5.0.5.tgz",
      "integrity": "sha1-49wR5CfUuBi34yAnZq0Vbj1eLqo=",
      "dev": true,
      "engines": {
        "node": "^18.0.0 || >=20.0.0"
      },
      "peerDependencies": {
        "vite": "^5.0.0",
        "vue": "^3.2.25"
      }
    },
    "node_modules/@vue/compiler-core": {
      "version": "3.4.31",
      "resolved": "https://embracepetinsurance.pkgs.visualstudio.com/4240c13b-ec89-4336-962e-6582d7843741/_packaging/epiNpm/npm/registry/@vue/compiler-core/-/compiler-core-3.4.31.tgz",
      "integrity": "sha1-tRp28bMOm166BVMmTf8PFxrtt8Y=",
      "dependencies": {
        "@babel/parser": "^7.24.7",
        "@vue/shared": "3.4.31",
        "entities": "^4.5.0",
        "estree-walker": "^2.0.2",
        "source-map-js": "^1.2.0"
      }
    },
    "node_modules/@vue/compiler-dom": {
      "version": "3.4.31",
      "resolved": "https://embracepetinsurance.pkgs.visualstudio.com/4240c13b-ec89-4336-962e-6582d7843741/_packaging/epiNpm/npm/registry/@vue/compiler-dom/-/compiler-dom-3.4.31.tgz",
      "integrity": "sha1-MJYcqEf11q0Y/6JiNsIZ9hsZX2s=",
      "dependencies": {
        "@vue/compiler-core": "3.4.31",
        "@vue/shared": "3.4.31"
      }
    },
    "node_modules/@vue/compiler-sfc": {
      "version": "3.4.31",
      "resolved": "https://embracepetinsurance.pkgs.visualstudio.com/4240c13b-ec89-4336-962e-6582d7843741/_packaging/epiNpm/npm/registry/@vue/compiler-sfc/-/compiler-sfc-3.4.31.tgz",
      "integrity": "sha1-zGv8zaF9+CaMxUQIQid/YWI8WR8=",
      "dependencies": {
        "@babel/parser": "^7.24.7",
        "@vue/compiler-core": "3.4.31",
        "@vue/compiler-dom": "3.4.31",
        "@vue/compiler-ssr": "3.4.31",
        "@vue/shared": "3.4.31",
        "estree-walker": "^2.0.2",
        "magic-string": "^0.30.10",
        "postcss": "^8.4.38",
        "source-map-js": "^1.2.0"
      }
    },
    "node_modules/@vue/compiler-ssr": {
      "version": "3.4.31",
      "resolved": "https://embracepetinsurance.pkgs.visualstudio.com/4240c13b-ec89-4336-962e-6582d7843741/_packaging/epiNpm/npm/registry/@vue/compiler-ssr/-/compiler-ssr-3.4.31.tgz",
      "integrity": "sha1-9i/+zfFbrLiD0AmXgM+aHjZUv8Q=",
      "dependencies": {
        "@vue/compiler-dom": "3.4.31",
        "@vue/shared": "3.4.31"
      }
    },
    "node_modules/@vue/devtools-api": {
      "version": "6.6.3",
      "resolved": "https://embracepetinsurance.pkgs.visualstudio.com/4240c13b-ec89-4336-962e-6582d7843741/_packaging/epiNpm/npm/registry/@vue/devtools-api/-/devtools-api-6.6.3.tgz",
      "integrity": "sha1-sjpYgVTLqJhruoK24dAki94/0aA="
    },
    "node_modules/@vue/reactivity": {
      "version": "3.4.31",
      "resolved": "https://embracepetinsurance.pkgs.visualstudio.com/4240c13b-ec89-4336-962e-6582d7843741/_packaging/epiNpm/npm/registry/@vue/reactivity/-/reactivity-3.4.31.tgz",
      "integrity": "sha1-7agOkMT512We/h9e2Zwt/cnpPXc=",
      "dependencies": {
        "@vue/shared": "3.4.31"
      }
    },
    "node_modules/@vue/runtime-core": {
      "version": "3.4.31",
      "resolved": "https://embracepetinsurance.pkgs.visualstudio.com/4240c13b-ec89-4336-962e-6582d7843741/_packaging/epiNpm/npm/registry/@vue/runtime-core/-/runtime-core-3.4.31.tgz",
      "integrity": "sha1-rTpBrXY4XAQp4+Tb77gZGElOEM8=",
      "dependencies": {
        "@vue/reactivity": "3.4.31",
        "@vue/shared": "3.4.31"
      }
    },
    "node_modules/@vue/runtime-dom": {
      "version": "3.4.31",
      "resolved": "https://embracepetinsurance.pkgs.visualstudio.com/4240c13b-ec89-4336-962e-6582d7843741/_packaging/epiNpm/npm/registry/@vue/runtime-dom/-/runtime-dom-3.4.31.tgz",
      "integrity": "sha1-uuethE+USvM2mcc1gbw2Elurls4=",
      "dependencies": {
        "@vue/reactivity": "3.4.31",
        "@vue/runtime-core": "3.4.31",
        "@vue/shared": "3.4.31",
        "csstype": "^3.1.3"
      }
    },
    "node_modules/@vue/server-renderer": {
      "version": "3.4.31",
      "resolved": "https://embracepetinsurance.pkgs.visualstudio.com/4240c13b-ec89-4336-962e-6582d7843741/_packaging/epiNpm/npm/registry/@vue/server-renderer/-/server-renderer-3.4.31.tgz",
      "integrity": "sha1-u+mQ95PDbWLQW9u68UJRHVPhWf0=",
      "dependencies": {
        "@vue/compiler-ssr": "3.4.31",
        "@vue/shared": "3.4.31"
      },
      "peerDependencies": {
        "vue": "3.4.31"
      }
    },
    "node_modules/@vue/shared": {
      "version": "3.4.31",
      "resolved": "https://embracepetinsurance.pkgs.visualstudio.com/4240c13b-ec89-4336-962e-6582d7843741/_packaging/epiNpm/npm/registry/@vue/shared/-/shared-3.4.31.tgz",
      "integrity": "sha1-r5mB9X3vLD8IDBS/IZMU/A3ICKA="
    },
    "node_modules/csstype": {
      "version": "3.1.3",
      "resolved": "https://embracepetinsurance.pkgs.visualstudio.com/4240c13b-ec89-4336-962e-6582d7843741/_packaging/epiNpm/npm/registry/csstype/-/csstype-3.1.3.tgz",
      "integrity": "sha1-2A/ylNEU+w5qxQD7+FtgE31+/4E="
    },
    "node_modules/entities": {
      "version": "4.5.0",
      "resolved": "https://embracepetinsurance.pkgs.visualstudio.com/4240c13b-ec89-4336-962e-6582d7843741/_packaging/epiNpm/npm/registry/entities/-/entities-4.5.0.tgz",
      "integrity": "sha1-XSaOpecRPsdMTQM7eepaNaSI+0g=",
      "engines": {
        "node": ">=0.12"
      },
      "funding": {
        "url": "https://github.com/fb55/entities?sponsor=1"
      }
    },
    "node_modules/esbuild": {
      "version": "0.21.5",
      "resolved": "https://embracepetinsurance.pkgs.visualstudio.com/4240c13b-ec89-4336-962e-6582d7843741/_packaging/epiNpm/npm/registry/esbuild/-/esbuild-0.21.5.tgz",
      "integrity": "sha1-nKMBsSCSKVm3ZjYNisgw2g0CmX0=",
      "dev": true,
      "hasInstallScript": true,
      "bin": {
        "esbuild": "bin/esbuild"
      },
      "engines": {
        "node": ">=12"
      },
      "optionalDependencies": {
        "@esbuild/aix-ppc64": "0.21.5",
        "@esbuild/android-arm": "0.21.5",
        "@esbuild/android-arm64": "0.21.5",
        "@esbuild/android-x64": "0.21.5",
        "@esbuild/darwin-arm64": "0.21.5",
        "@esbuild/darwin-x64": "0.21.5",
        "@esbuild/freebsd-arm64": "0.21.5",
        "@esbuild/freebsd-x64": "0.21.5",
        "@esbuild/linux-arm": "0.21.5",
        "@esbuild/linux-arm64": "0.21.5",
        "@esbuild/linux-ia32": "0.21.5",
        "@esbuild/linux-loong64": "0.21.5",
        "@esbuild/linux-mips64el": "0.21.5",
        "@esbuild/linux-ppc64": "0.21.5",
        "@esbuild/linux-riscv64": "0.21.5",
        "@esbuild/linux-s390x": "0.21.5",
        "@esbuild/linux-x64": "0.21.5",
        "@esbuild/netbsd-x64": "0.21.5",
        "@esbuild/openbsd-x64": "0.21.5",
        "@esbuild/sunos-x64": "0.21.5",
        "@esbuild/win32-arm64": "0.21.5",
        "@esbuild/win32-ia32": "0.21.5",
        "@esbuild/win32-x64": "0.21.5"
      }
    },
    "node_modules/estree-walker": {
      "version": "2.0.2",
      "resolved": "https://embracepetinsurance.pkgs.visualstudio.com/4240c13b-ec89-4336-962e-6582d7843741/_packaging/epiNpm/npm/registry/estree-walker/-/estree-walker-2.0.2.tgz",
      "integrity": "sha1-UvAQF4wqTBF6d1fP6UKtt9LaTKw="
    },
    "node_modules/fsevents": {
      "version": "2.3.3",
      "resolved": "https://embracepetinsurance.pkgs.visualstudio.com/4240c13b-ec89-4336-962e-6582d7843741/_packaging/epiNpm/npm/registry/fsevents/-/fsevents-2.3.3.tgz",
      "integrity": "sha1-ysZAd4XQNnWipeGlMFxpezR9kNY=",
      "dev": true,
      "optional": true,
      "os": [
        "darwin"
      ],
      "engines": {
        "node": "^8.16.0 || ^10.6.0 || >=11.0.0"
      }
    },
    "node_modules/magic-string": {
      "version": "0.30.10",
      "resolved": "https://embracepetinsurance.pkgs.visualstudio.com/4240c13b-ec89-4336-962e-6582d7843741/_packaging/epiNpm/npm/registry/magic-string/-/magic-string-0.30.10.tgz",
      "integrity": "sha1-Ej2cQaDLVkDIkrBB1M+zvQqks54=",
      "dependencies": {
        "@jridgewell/sourcemap-codec": "^1.4.15"
      }
    },
    "node_modules/nanoid": {
      "version": "3.3.7",
      "resolved": "https://embracepetinsurance.pkgs.visualstudio.com/4240c13b-ec89-4336-962e-6582d7843741/_packaging/epiNpm/npm/registry/nanoid/-/nanoid-3.3.7.tgz",
      "integrity": "sha1-0MMBppG8jVTvoKIibM8/4v1la9g=",
      "funding": [
        {
          "type": "github",
          "url": "https://github.com/sponsors/ai"
        }
      ],
      "bin": {
        "nanoid": "bin/nanoid.cjs"
      },
      "engines": {
        "node": "^10 || ^12 || ^13.7 || ^14 || >=15.0.1"
      }
    },
    "node_modules/picocolors": {
      "version": "1.0.1",
      "resolved": "https://embracepetinsurance.pkgs.visualstudio.com/4240c13b-ec89-4336-962e-6582d7843741/_packaging/epiNpm/npm/registry/picocolors/-/picocolors-1.0.1.tgz",
      "integrity": "sha1-qK1Xm1cZUvDl0liS3lRFvP4lqqE="
    },
    "node_modules/pinia": {
      "version": "2.1.7",
      "resolved": "https://embracepetinsurance.pkgs.visualstudio.com/4240c13b-ec89-4336-962e-6582d7843741/_packaging/epiNpm/npm/registry/pinia/-/pinia-2.1.7.tgz",
      "integrity": "sha1-TPVCDZMkygC3tJhNP79pMiIRW7w=",
      "dependencies": {
        "@vue/devtools-api": "^6.5.0",
        "vue-demi": ">=0.14.5"
      },
      "funding": {
        "url": "https://github.com/sponsors/posva"
      },
      "peerDependencies": {
        "@vue/composition-api": "^1.4.0",
        "typescript": ">=4.4.4",
        "vue": "^2.6.14 || ^3.3.0"
      },
      "peerDependenciesMeta": {
        "@vue/composition-api": {
          "optional": true
        },
        "typescript": {
          "optional": true
        }
      }
    },
    "node_modules/pinia/node_modules/vue-demi": {
      "version": "0.14.8",
      "resolved": "https://embracepetinsurance.pkgs.visualstudio.com/4240c13b-ec89-4336-962e-6582d7843741/_packaging/epiNpm/npm/registry/vue-demi/-/vue-demi-0.14.8.tgz",
      "integrity": "sha1-ADNekxe0Xkpo01KKr1jgzsPVZAo=",
      "hasInstallScript": true,
      "bin": {
        "vue-demi-fix": "bin/vue-demi-fix.js",
        "vue-demi-switch": "bin/vue-demi-switch.js"
      },
      "engines": {
        "node": ">=12"
      },
      "funding": {
        "url": "https://github.com/sponsors/antfu"
      },
      "peerDependencies": {
        "@vue/composition-api": "^1.0.0-rc.1",
        "vue": "^3.0.0-0 || ^2.6.0"
      },
      "peerDependenciesMeta": {
        "@vue/composition-api": {
          "optional": true
        }
      }
    },
    "node_modules/postcss": {
      "version": "8.4.38",
      "resolved": "https://embracepetinsurance.pkgs.visualstudio.com/4240c13b-ec89-4336-962e-6582d7843741/_packaging/epiNpm/npm/registry/postcss/-/postcss-8.4.38.tgz",
      "integrity": "sha1-s4fVM7ryBUKI4zcGbYHGvunbng4=",
      "funding": [
        {
          "type": "opencollective",
          "url": "https://opencollective.com/postcss/"
        },
        {
          "type": "tidelift",
          "url": "https://tidelift.com/funding/github/npm/postcss"
        },
        {
          "type": "github",
          "url": "https://github.com/sponsors/ai"
        }
      ],
      "dependencies": {
        "nanoid": "^3.3.7",
        "picocolors": "^1.0.0",
        "source-map-js": "^1.2.0"
      },
      "engines": {
        "node": "^10 || ^12 || >=14"
      }
    },
    "node_modules/rollup": {
      "version": "4.18.0",
      "resolved": "https://embracepetinsurance.pkgs.visualstudio.com/4240c13b-ec89-4336-962e-6582d7843741/_packaging/epiNpm/npm/registry/rollup/-/rollup-4.18.0.tgz",
      "integrity": "sha1-SX9g8MUwjkYCz0ETYzn7+H1fXdo=",
      "dev": true,
      "dependencies": {
        "@types/estree": "1.0.5"
      },
      "bin": {
        "rollup": "dist/bin/rollup"
      },
      "engines": {
        "node": ">=18.0.0",
        "npm": ">=8.0.0"
      },
      "optionalDependencies": {
        "@rollup/rollup-android-arm-eabi": "4.18.0",
        "@rollup/rollup-android-arm64": "4.18.0",
        "@rollup/rollup-darwin-arm64": "4.18.0",
        "@rollup/rollup-darwin-x64": "4.18.0",
        "@rollup/rollup-linux-arm-gnueabihf": "4.18.0",
        "@rollup/rollup-linux-arm-musleabihf": "4.18.0",
        "@rollup/rollup-linux-arm64-gnu": "4.18.0",
        "@rollup/rollup-linux-arm64-musl": "4.18.0",
        "@rollup/rollup-linux-powerpc64le-gnu": "4.18.0",
        "@rollup/rollup-linux-riscv64-gnu": "4.18.0",
        "@rollup/rollup-linux-s390x-gnu": "4.18.0",
        "@rollup/rollup-linux-x64-gnu": "4.18.0",
        "@rollup/rollup-linux-x64-musl": "4.18.0",
        "@rollup/rollup-win32-arm64-msvc": "4.18.0",
        "@rollup/rollup-win32-ia32-msvc": "4.18.0",
        "@rollup/rollup-win32-x64-msvc": "4.18.0",
        "fsevents": "~2.3.2"
      }
    },
    "node_modules/source-map-js": {
      "version": "1.2.0",
      "resolved": "https://embracepetinsurance.pkgs.visualstudio.com/4240c13b-ec89-4336-962e-6582d7843741/_packaging/epiNpm/npm/registry/source-map-js/-/source-map-js-1.2.0.tgz",
      "integrity": "sha1-FrgJwWJRe1uMPn3NMVoqXCYSsq8=",
      "engines": {
        "node": ">=0.10.0"
      }
    },
    "node_modules/vite": {
      "version": "5.3.2",
      "resolved": "https://embracepetinsurance.pkgs.visualstudio.com/4240c13b-ec89-4336-962e-6582d7843741/_packaging/epiNpm/npm/registry/vite/-/vite-5.3.2.tgz",
      "integrity": "sha1-LwqFMccQYEZ+0+CiBaID8mm22cg=",
      "dev": true,
      "dependencies": {
        "esbuild": "^0.21.3",
        "postcss": "^8.4.38",
        "rollup": "^4.13.0"
      },
      "bin": {
        "vite": "bin/vite.js"
      },
      "engines": {
        "node": "^18.0.0 || >=20.0.0"
      },
      "funding": {
        "url": "https://github.com/vitejs/vite?sponsor=1"
      },
      "optionalDependencies": {
        "fsevents": "~2.3.3"
      },
      "peerDependencies": {
        "@types/node": "^18.0.0 || >=20.0.0",
        "less": "*",
        "lightningcss": "^1.21.0",
        "sass": "*",
        "stylus": "*",
        "sugarss": "*",
        "terser": "^5.4.0"
      },
      "peerDependenciesMeta": {
        "@types/node": {
          "optional": true
        },
        "less": {
          "optional": true
        },
        "lightningcss": {
          "optional": true
        },
        "sass": {
          "optional": true
        },
        "stylus": {
          "optional": true
        },
        "sugarss": {
          "optional": true
        },
        "terser": {
          "optional": true
        }
      }
    },
    "node_modules/vue": {
      "version": "3.4.31",
      "resolved": "https://embracepetinsurance.pkgs.visualstudio.com/4240c13b-ec89-4336-962e-6582d7843741/_packaging/epiNpm/npm/registry/vue/-/vue-3.4.31.tgz",
      "integrity": "sha1-g6PE2rgwKw6XSw1LkqL2pjeK55c=",
      "dependencies": {
        "@vue/compiler-dom": "3.4.31",
        "@vue/compiler-sfc": "3.4.31",
        "@vue/runtime-dom": "3.4.31",
        "@vue/server-renderer": "3.4.31",
        "@vue/shared": "3.4.31"
      },
      "peerDependencies": {
        "typescript": "*"
      },
      "peerDependenciesMeta": {
        "typescript": {
          "optional": true
        }
      }
    }
  }
}
